
Microsoft Visual Studio Solution File, Format Version 12.00
# Visual Studio Version 16
VisualStudioVersion = 16.0.33529.622
MinimumVisualStudioVersion = 10.0.40219.1
Project("{FAE04EC0-301F-11D3-BF4B-00C04F79EFBC}") = "Assessment_xBiz", "Assessment_xBiz\Assessment_xBiz.csproj", "{F231E26A-F6A2-45F0-B84E-02BA836A9128}"
EndProject
Global
	GlobalSection(SolutionConfigurationPlatforms) = preSolution
		Debug|Any CPU = Debug|Any CPU
		Release|Any CPU = Release|Any CPU
	EndGlobalSection
	GlobalSection(ProjectConfigurationPlatforms) = postSolution
		{F231E26A-F6A2-45F0-B84E-02BA836A9128}.Debug|Any CPU.ActiveCfg = Debug|Any CPU
		{F231E26A-F6A2-45F0-B84E-02BA836A9128}.Debug|Any CPU.Build.0 = Debug|Any CPU
		{F231E26A-F6A2-45F0-B84E-02BA836A9128}.Release|Any CPU.ActiveCfg = Release|Any CPU
		{F231E26A-F6A2-45F0-B84E-02BA836A9128}.Release|Any CPU.Build.0 = Release|Any CPU
	EndGlobalSection
	GlobalSection(SolutionProperties) = preSolution
		HideSolutionNode = FALSE
	EndGlobalSection
	GlobalSection(ExtensibilityGlobals) = postSolution
		SolutionGuid = {F06F0AF0-579C-4E95-9BEC-0775BEB80487}
	EndGlobalSection
EndGlobal
